schema: '2.0'
stages:
  make_dataset:
    cmd: python redbus/src/data/make_dataset.py train.csv
    deps:
    - path: redbus/data/raw/train.csv
      hash: md5
      md5: 078d557e45dd80d28fbffecd77892141
      size: 1645442
    - path: redbus/src/data/make_dataset.py
      hash: md5
      md5: c65dd2f51ce16f3d94f5042fb8bcf08b
      size: 3184
    params:
      redbus/params.yaml:
        make_dataset.random_state: 234
        make_dataset.test_size: 0.1
    outs:
    - path: redbus/data/interim/train.csv
      hash: md5
      md5: 93ef4e1cbb7c914f26df9dec506c4d51
      size: 1480937
    - path: redbus/data/interim/val.csv
      hash: md5
      md5: 2cbe2437eee6177ceb52c89713a218f1
      size: 164539
  build_features:
    cmd: python redbus/src/features/build_features.py redbus/data/interim/train.csv
      redbus/data/raw/transactions.csv redbus/data/processed/train_data_processed.csv
    deps:
    - path: redbus/data/encodding_files
      hash: md5
      md5: 1c445bb2e7bff3b8afee77569a49e5c0.dir
      size: 2727
      nfiles: 4
    - path: redbus/data/interim/train.csv
      hash: md5
      md5: 93ef4e1cbb7c914f26df9dec506c4d51
      size: 1480937
    - path: redbus/data/raw/transactions.csv
      hash: md5
      md5: 2d878cae01a19ef03802008fea66213a
      size: 185710481
    - path: redbus/src/features/build_features.py
      hash: md5
      md5: db418dee9d43ab54e678a57bd50e270c
      size: 10773
    params:
      redbus/params.yaml:
        build_features.avg_func_list:
        - - 30
          - 25
        - - 25
          - 20
        - - 20
          - 14
        build_features.lead_days:
        - 30
        - 20
        - 15
        build_features.target_enc_dest_reg_path: E:\DS\mlops_dvc_ds_project\redbus\data\encodding_files\destid_region_encode.csv
        build_features.target_enc_destid_path: E:\DS\mlops_dvc_ds_project\redbus\data\encodding_files\destid_encode.csv
        build_features.target_enc_srcid_path: E:\DS\mlops_dvc_ds_project\redbus\data\encodding_files\srcid_encode.csv
        build_features.target_end_src_reg_path: E:\DS\mlops_dvc_ds_project\redbus\data\encodding_files\srcid_region_encode.csv
    outs:
    - path: redbus/data/processed/train_data_processed.csv
      hash: md5
      md5: 49a831e27fb450fc42071df0c71e0020
      size: 24080936
  train_model:
    cmd: python redbus/src/models/train_model.py redbus/data/processed/train_data_processed.csv
      redbus/data/models/model.pkl
    deps:
    - path: redbus/data/processed/train_data_processed.csv
      hash: md5
      md5: 49a831e27fb450fc42071df0c71e0020
      size: 24080936
    - path: redbus/src/models/train_model.py
      hash: md5
      md5: c3f7e92646b969608793be33c7365812
      size: 5160
    params:
      redbus/params.yaml:
        model_train.LGBMRegressor.bagging_fraction: 0.6
        model_train.LGBMRegressor.feature_fraction: 0.6
        model_train.LGBMRegressor.lambda_l1: 1
        model_train.LGBMRegressor.lambda_l2: 1
        model_train.LGBMRegressor.learning_rate: 0.015
        model_train.LGBMRegressor.max_depth: 8
        model_train.LGBMRegressor.min_child_samples: 50
        model_train.LGBMRegressor.n_estimators: 600
        model_train.LGBMRegressor.random_state: 42
        model_train.active_model: LGBMRegressor
        model_train.xgb_regressor.colsample_bytree: 0.6
        model_train.xgb_regressor.learning_rate: 0.1
        model_train.xgb_regressor.max_depth: 6
        model_train.xgb_regressor.n_estimators: 600
        model_train.xgb_regressor.objective: reg:squarederror
        model_train.xgb_regressor.random_state: 42
        model_train.xgb_regressor.subsample: 0.6
    outs:
    - path: redbus/data/models/model.pkl
      hash: md5
      md5: 050c0096a2cb92fa84269fcf04f3abda
      size: 8812930
  predict_model:
    cmd: python redbus/src/models/predict_model.py redbus/data/processed/train_data_processed.csv
      redbus/data/models/model.pkl redbus/data/processed/Model_Output_train.csv train
    deps:
    - path: redbus/data/models/model.pkl
      hash: md5
      md5: 050c0096a2cb92fa84269fcf04f3abda
      size: 8812930
    - path: redbus/data/processed/train_data_processed.csv
      hash: md5
      md5: 49a831e27fb450fc42071df0c71e0020
      size: 24080936
    outs:
    - path: redbus/data/processed/Model_Output_train.csv
      hash: md5
      md5: 84b505e289f18140110ed7b24ad6d9a6
      size: 652197
  build_features_val:
    cmd: python redbus/src/features/build_features.py redbus/data/interim/val.csv
      redbus/data/raw/transactions.csv redbus/data/processed/val_data_processed.csv
    deps:
    - path: redbus/data/interim/val.csv
      hash: md5
      md5: 2cbe2437eee6177ceb52c89713a218f1
      size: 164539
    - path: redbus/data/raw/transactions.csv
      hash: md5
      md5: 2d878cae01a19ef03802008fea66213a
      size: 185710481
    - path: redbus/src/features/build_features.py
      hash: md5
      md5: db418dee9d43ab54e678a57bd50e270c
      size: 10773
    params:
      redbus/params.yaml:
        build_features.avg_func_list:
        - - 30
          - 25
        - - 25
          - 20
        - - 20
          - 14
        build_features.lead_days:
        - 30
        - 20
        - 15
        build_features.target_enc_dest_reg_path: E:\DS\mlops_dvc_ds_project\redbus\data\encodding_files\destid_region_encode.csv
        build_features.target_enc_destid_path: E:\DS\mlops_dvc_ds_project\redbus\data\encodding_files\destid_encode.csv
        build_features.target_enc_srcid_path: E:\DS\mlops_dvc_ds_project\redbus\data\encodding_files\srcid_encode.csv
        build_features.target_end_src_reg_path: E:\DS\mlops_dvc_ds_project\redbus\data\encodding_files\srcid_region_encode.csv
    outs:
    - path: redbus/data/processed/val_data_processed.csv
      hash: md5
      md5: 7140be65e53db4fa4ad8f7290cfa9213
      size: 2680554
  predict_model_val:
    cmd: python redbus/src/models/predict_model.py redbus/data/processed/val_data_processed.csv
      redbus/data/models/model.pkl redbus/data/processed/Model_Output_Val.csv val
    deps:
    - path: redbus/data/models/model.pkl
      hash: md5
      md5: 050c0096a2cb92fa84269fcf04f3abda
      size: 8812930
    - path: redbus/data/processed/val_data_processed.csv
      hash: md5
      md5: 7140be65e53db4fa4ad8f7290cfa9213
      size: 2680554
    outs:
    - path: redbus/data/processed/Model_Output_Val.csv
      hash: md5
      md5: be338af5a9f96a0849c29adc10d0fca4
      size: 72494
